# Auto-generated by jman. DO NOT EDIT.
lock-version = 3
manifest-hash = "sha256:0faea893a8d0ba1a97143e3bd975e0b64f965d61408273c2cd11b09bf471760b"
workspace-hash = "sha256:2aad9b1b2cfeb4f7ffa37a812fc34e72f4fc3bb809d962ffab009640c9f4daa1"
platform = "linux-x86_64"

[toolchain]
java-release = 25

[[package]]
group = "org.junit.platform"
artifact = "junit-platform-console-standalone"
version = "1.12.2"
extension = "jar"
source = "https://repo.maven.apache.org/maven2"
pom_checksum = "sha256:7603098a915a08bbd520e9c0f5ae926a56d8b1356f96f184fae94decfc6f130d"
artifact_checksum = "sha256:329bd10288875a74d04c9ca6b7c9889c265ddf87b21a9ea42a7f7392f391472a"
artifact_size = 2950047
scopes = ["test"]

[classpath]
test = ["sha256:329bd10288875a74d04c9ca6b7c9889c265ddf87b21a9ea42a7f7392f391472a"]
