# Auto-generated by jman. DO NOT EDIT.
lock-version = 3
manifest-hash = "sha256:df0ffba613842a42b8f5f1ed90d9ff0ad9c30433faba88305e6c492eb6608edf"
workspace-hash = "sha256:2aad9b1b2cfeb4f7ffa37a812fc34e72f4fc3bb809d962ffab009640c9f4daa1"
platform = "linux-x86_64"
package = []

[toolchain]
java-release = 25

[classpath]
