# Auto-generated by jman. DO NOT EDIT.
lock-version = 3
manifest-hash = "sha256:3c446fb5828efeb4e603e98305793ebff45b1931c8d92ce918cbb3f03db1a640"
workspace-hash = "sha256:2aad9b1b2cfeb4f7ffa37a812fc34e72f4fc3bb809d962ffab009640c9f4daa1"
platform = "linux-x86_64"

[toolchain]
java-release = 25

[[package]]
group = "com.fasterxml.jackson.core"
artifact = "jackson-annotations"
version = "2.20"
extension = "jar"
source = "https://repo.maven.apache.org/maven2"
pom_checksum = "sha256:4d740c4478dd08d089ecdc6d063228a55a11a7e8e497da4338f872f8115794a4"
artifact_checksum = "sha256:959a2ffb2d591436f51f183c6a521fc89347912f711bf0cae008cdf045d95319"
artifact_size = 79195
scopes = ["compile"]
selected_parent = "com.fasterxml.jackson.core:jackson-databind:2.20.0"

[[package]]
group = "com.fasterxml.jackson.core"
artifact = "jackson-core"
version = "2.20.0"
extension = "jar"
source = "https://repo.maven.apache.org/maven2"
pom_checksum = "sha256:5f16558ac223073a6f247440f305f59f05eff50aaf1eeae0baad412800016f68"
artifact_checksum = "sha256:bc0cf46075877201f8406ee7de2741ae7df6c066f5f0457bd80632a718c06e72"
artifact_size = 593063
scopes = ["compile"]
selected_parent = "com.fasterxml.jackson.core:jackson-databind:2.20.0"

[[package]]
group = "com.fasterxml.jackson.core"
artifact = "jackson-databind"
version = "2.20.0"
extension = "jar"
source = "https://repo.maven.apache.org/maven2"
pom_checksum = "sha256:cefefed01dd2c0d96a88e101bb3e065fc150063b498e301a938c690b02bcf3ce"
artifact_checksum = "sha256:a70e146a6bf2cba4f9cd367169787f50adcfbb57122bc2e9c8390cd0b397ac30"
artifact_size = 1688471
dependencies = [
    "com.fasterxml.jackson.core:jackson-annotations:2.20",
    "com.fasterxml.jackson.core:jackson-core:2.20.0",
]
scopes = ["compile"]

[[package]]
group = "com.fasterxml.jackson.datatype"
artifact = "jackson-datatype-jdk8"
version = "2.20.0"
extension = "jar"
source = "https://repo.maven.apache.org/maven2"
pom_checksum = "sha256:9f6612b209fd6d27a2ce624f9de196b4afe342e6a47f1d4e7970c6db77f09979"
artifact_checksum = "sha256:3eae9db4a4ebb81c33067ab6683a1b12967317957f433c5dcec2a859237c4877"
artifact_size = 36400
dependencies = [
    "com.fasterxml.jackson.core:jackson-core:2.20.0",
    "com.fasterxml.jackson.core:jackson-databind:2.20.0",
]
scopes = ["compile"]

[[package]]
group = "com.google.android"
artifact = "annotations"
version = "4.1.1.4"
extension = "jar"
source = "https://repo.maven.apache.org/maven2"
pom_checksum = "sha256:e4bb54753c36a27a0e5d70154a5034fedd8feac4282295034bfd483d6c7aae78"
artifact_checksum = "sha256:ba734e1e84c09d615af6a09d33034b4f0442f8772dec120efb376d86a565ae15"
artifact_size = 3120
scopes = ["runtime"]
selected_parent = "io.grpc:grpc-core:1.83.0"

[[package]]
group = "com.google.api.grpc"
artifact = "proto-google-common-protos"
version = "2.64.1"
extension = "jar"
source = "https://repo.maven.apache.org/maven2"
pom_checksum = "sha256:91229d3dfc4f63b38790a22152dfcaa2e370228d21af4265cf9eda8f70a68459"
artifact_checksum = "sha256:beb8107f340dc0bb04bf40d1a61631a21e450c58aad93c160959f0292136d99f"
artifact_size = 2861414
dependencies = ["com.google.protobuf:protobuf-java:4.36.1"]
scopes = ["compile"]
selected_parent = "io.grpc:grpc-protobuf:1.83.0"

[[package]]
group = "com.google.code.findbugs"
artifact = "jsr305"
version = "3.0.2"
extension = "jar"
source = "https://repo.maven.apache.org/maven2"
pom_checksum = "sha256:19889dbdf1b254b2601a5ee645b8147a974644882297684c798afe5d63d78dfe"
artifact_checksum = "sha256:766ad2a0783f2687962c8ad74ceecc38a28b9f72a2d085ee438b7813e928d0c7"
artifact_size = 19936
scopes = [
    "compile",
    "runtime",
]
selected_parent = "io.grpc:grpc-api:1.83.0"

[[package]]
group = "com.google.code.gson"
artifact = "gson"
version = "2.14.0"
extension = "jar"
source = "https://repo.maven.apache.org/maven2"
pom_checksum = "sha256:1fa0122c0e3733192642861c36be4c6f799a795327a23bdd2922691b6e9ba480"
artifact_checksum = "sha256:2cbd119bf1961c28788310963dc80ba65f58cdeec1dd139c8bdb1240faa2c36f"
artifact_size = 313604
dependencies = ["com.google.errorprone:error_prone_annotations:2.50.0"]
scopes = ["runtime"]
selected_parent = "io.grpc:grpc-core:1.83.0"

[[package]]
group = "com.google.errorprone"
artifact = "error_prone_annotations"
version = "2.50.0"
extension = "jar"
source = "https://repo.maven.apache.org/maven2"
pom_checksum = "sha256:71a0680d277324bab46bec4b00f6f111c1b794a931d0d8cda79bcb9246982f92"
artifact_checksum = "sha256:4667724877f1d37a689202da191e23efa7657c62eef93ccdac406eccfe5cdd0a"
artifact_size = 20252
scopes = [
    "compile",
    "runtime",
]
selected_parent = "io.grpc:grpc-api:1.83.0"

[[package]]
group = "com.google.guava"
artifact = "failureaccess"
version = "1.0.3"
extension = "jar"
source = "https://repo.maven.apache.org/maven2"
pom_checksum = "sha256:c54beff37f6d42d43e14722d54a522c9ad51ef97fc5b79277e62a3ebf882f3bb"
artifact_checksum = "sha256:cbfc3906b19b8f55dd7cfd6dfe0aa4532e834250d7f080bd8d211a3e246b59cb"
artifact_size = 10763
scopes = [
    "compile",
    "runtime",
]
selected_parent = "com.google.guava:guava:33.6.0-android"

[[package]]
group = "com.google.guava"
artifact = "guava"
version = "33.6.0-android"
extension = "jar"
source = "https://repo.maven.apache.org/maven2"
pom_checksum = "sha256:37f12cdff04a49e96a4ae1e48d526bbc486cff151a12fe9812d68a49698b8ed9"
artifact_checksum = "sha256:9532ca9ba8aceb4cd2067171f981c799988b7f5844e3e274811a3bb757034bc4"
artifact_size = 2978210
dependencies = [
    "com.google.guava:failureaccess:1.0.3",
    "com.google.guava:listenablefuture:9999.0-empty-to-avoid-conflict-with-guava",
    "org.jspecify:jspecify:1.0.0",
    "com.google.errorprone:error_prone_annotations:2.50.0",
    "com.google.j2objc:j2objc-annotations:3.1",
]
scopes = [
    "compile",
    "runtime",
]
selected_parent = "io.grpc:grpc-api:1.83.0"

[[package]]
group = "com.google.guava"
artifact = "listenablefuture"
version = "9999.0-empty-to-avoid-conflict-with-guava"
extension = "jar"
source = "https://repo.maven.apache.org/maven2"
pom_checksum = "sha256:18d4b1db26153d4e55079ce1f76bb1fe05cdb862ef9954a88cbcc4ff38b8679b"
artifact_checksum = "sha256:b372a037d4230aa57fbeffdef30fd6123f9c0c2db85d0aced00c91b974f33f99"
artifact_size = 2199
scopes = [
    "compile",
    "runtime",
]
selected_parent = "com.google.guava:guava:33.6.0-android"

[[package]]
group = "com.google.j2objc"
artifact = "j2objc-annotations"
version = "3.1"
extension = "jar"
source = "https://repo.maven.apache.org/maven2"
pom_checksum = "sha256:14570838500034fc1b47c8205ce1c9d6b255c1ccdd2d1afdcdcbf75e89b24a33"
artifact_checksum = "sha256:84d3a150518485f8140ea99b8a985656749629f6433c92b80c75b36aba3b099b"
artifact_size = 16762
scopes = [
    "compile",
    "runtime",
]
selected_parent = "com.google.guava:guava:33.6.0-android"

[[package]]
group = "com.google.protobuf"
artifact = "protobuf-java"
version = "4.36.1"
extension = "jar"
source = "https://repo.maven.apache.org/maven2"
pom_checksum = "sha256:8a57512dc7fbdd54937055461c440959731e88f021d287b0ae3e128e9a2fd2fa"
artifact_checksum = "sha256:26434a93561a1a44bf7157b2630fa73a5b4d8df20e94df167bc03fcd14abd7e4"
artifact_size = 1795060
scopes = ["compile"]

[[package]]
group = "io.grpc"
artifact = "grpc-api"
version = "1.83.0"
extension = "jar"
source = "https://repo.maven.apache.org/maven2"
pom_checksum = "sha256:f2e2893cda59eeb34597ff1784f6d25fb1e7f252cf16dea13bda02e5def5daa7"
artifact_checksum = "sha256:c6c4df7de641a26f02993c176a27158584c3d4628e40b54ac7d750e7e6a1bceb"
artifact_size = 345005
dependencies = [
    "com.google.code.findbugs:jsr305:3.0.2",
    "com.google.errorprone:error_prone_annotations:2.50.0",
    "com.google.guava:guava:33.6.0-android",
]
scopes = [
    "compile",
    "runtime",
]

[[package]]
group = "io.grpc"
artifact = "grpc-context"
version = "1.83.0"
extension = "jar"
source = "https://repo.maven.apache.org/maven2"
pom_checksum = "sha256:b820c9cc7acfa3cabc563249965cd120069c4d45643f73e3ba78899f258ff830"
artifact_checksum = "sha256:c781b317eba2867d14221ce63702997ccfa5f8ae65a72a911745a09fb1c32596"
artifact_size = 293
dependencies = ["io.grpc:grpc-api:1.83.0"]
scopes = ["runtime"]
selected_parent = "io.grpc:grpc-core:1.83.0"

[[package]]
group = "io.grpc"
artifact = "grpc-core"
version = "1.83.0"
extension = "jar"
source = "https://repo.maven.apache.org/maven2"
pom_checksum = "sha256:749657fce69cbdf467b22879fc46a8d86e50629b3dc6e2bb13f5f1cb4fe25b99"
artifact_checksum = "sha256:d69fee3874ba1af9cb55dc06bd678567b3d90dff2ba2d0fd65f5224085246f59"
artifact_size = 657191
dependencies = [
    "io.grpc:grpc-api:1.83.0",
    "com.google.code.gson:gson:2.14.0",
    "com.google.android:annotations:4.1.1.4",
    "org.codehaus.mojo:animal-sniffer-annotations:1.27",
    "com.google.errorprone:error_prone_annotations:2.50.0",
    "com.google.guava:guava:33.6.0-android",
    "io.perfmark:perfmark-api:0.27.0",
    "io.grpc:grpc-context:1.83.0",
]
scopes = [
    "compile",
    "runtime",
]
selected_parent = "io.grpc:grpc-netty-shaded:1.83.0"

[[package]]
group = "io.grpc"
artifact = "grpc-netty-shaded"
version = "1.83.0"
extension = "jar"
source = "https://repo.maven.apache.org/maven2"
pom_checksum = "sha256:7ae8db2dd312bcf7724f92dd8ca81b94454ea50ffb70ea82b819bed92535530a"
artifact_checksum = "sha256:c84635f7ab38d7efc57dbd5274349f776f5ac88d69e2ec2405b20d420f77ae6c"
artifact_size = 10837690
dependencies = [
    "io.grpc:grpc-util:1.83.0",
    "io.grpc:grpc-core:1.83.0",
    "com.google.guava:guava:33.6.0-android",
    "com.google.errorprone:error_prone_annotations:2.50.0",
    "io.perfmark:perfmark-api:0.27.0",
    "io.grpc:grpc-api:1.83.0",
    "org.codehaus.mojo:animal-sniffer-annotations:1.27",
]
scopes = ["compile"]

[[package]]
group = "io.grpc"
artifact = "grpc-protobuf"
version = "1.83.0"
extension = "jar"
source = "https://repo.maven.apache.org/maven2"
pom_checksum = "sha256:ffe3b06bcacb5259d0ce2451fede7709f64196b9f8b97e660b09748e1864dd5c"
artifact_checksum = "sha256:a471cee26a10c46e9ce186854bfc7c300db0b8aef4e35a5a2ff30d93faf34f67"
artifact_size = 5204
dependencies = [
    "io.grpc:grpc-api:1.83.0",
    "com.google.code.findbugs:jsr305:3.0.2",
    "com.google.protobuf:protobuf-java:4.36.1",
    "com.google.api.grpc:proto-google-common-protos:2.64.1",
    "com.google.guava:guava:33.6.0-android",
    "io.grpc:grpc-protobuf-lite:1.83.0",
]
scopes = ["compile"]

[[package]]
group = "io.grpc"
artifact = "grpc-protobuf-lite"
version = "1.83.0"
extension = "jar"
source = "https://repo.maven.apache.org/maven2"
pom_checksum = "sha256:ae77db5188f25a1598043c011add4c65c534bdde4a334ca7a23900a903ac82b6"
artifact_checksum = "sha256:af588bc8046963b6d56770a7804303a6815b0e6cf1efb3f4a2f4f951209e7a3b"
artifact_size = 7815
dependencies = [
    "io.grpc:grpc-api:1.83.0",
    "com.google.code.findbugs:jsr305:3.0.2",
    "com.google.guava:guava:33.6.0-android",
]
scopes = ["runtime"]
selected_parent = "io.grpc:grpc-protobuf:1.83.0"

[[package]]
group = "io.grpc"
artifact = "grpc-stub"
version = "1.83.0"
extension = "jar"
source = "https://repo.maven.apache.org/maven2"
pom_checksum = "sha256:67c51b7c86516464e252fbc8fa180e10f70d7fb22fa9936f770ba68863b7b4c0"
artifact_checksum = "sha256:b51b11f4cf48e413a676cb39345b1a9db88943fc64db081bf8e711e16e25680b"
artifact_size = 61670
dependencies = [
    "io.grpc:grpc-api:1.83.0",
    "org.codehaus.mojo:animal-sniffer-annotations:1.27",
    "com.google.guava:guava:33.6.0-android",
    "com.google.errorprone:error_prone_annotations:2.50.0",
]
scopes = ["compile"]

[[package]]
group = "io.grpc"
artifact = "grpc-util"
version = "1.83.0"
extension = "jar"
source = "https://repo.maven.apache.org/maven2"
pom_checksum = "sha256:95089d3eeb63b388a87a48d79523f677bb708293e2d5cf6d1d3836c29fd3dd08"
artifact_checksum = "sha256:a69e1545047b350627b314dd74e989b7035e0db8e67fb7c519b57d664711a92d"
artifact_size = 108748
dependencies = [
    "io.grpc:grpc-api:1.83.0",
    "io.grpc:grpc-core:1.83.0",
    "org.codehaus.mojo:animal-sniffer-annotations:1.27",
    "com.google.guava:guava:33.6.0-android",
]
scopes = ["runtime"]
selected_parent = "io.grpc:grpc-netty-shaded:1.83.0"

[[package]]
group = "io.perfmark"
artifact = "perfmark-api"
version = "0.27.0"
extension = "jar"
source = "https://repo.maven.apache.org/maven2"
pom_checksum = "sha256:22c175c2c1823667630c84e73225767f5970492d8e6cbffb81a6575dba472d26"
artifact_checksum = "sha256:c7b478503ec524e55df19b424d46d27c8a68aeb801664fadd4f069b71f52d0f6"
artifact_size = 6954
scopes = ["runtime"]
selected_parent = "io.grpc:grpc-netty-shaded:1.83.0"

[[package]]
group = "org.codehaus.mojo"
artifact = "animal-sniffer-annotations"
version = "1.27"
extension = "jar"
source = "https://repo.maven.apache.org/maven2"
pom_checksum = "sha256:e596be247f2d3ef943be65edb0c05334d1996fed5fe0fe5518ff00a50b28c769"
artifact_checksum = "sha256:cfd7e51a828fe6b98bc0dbb99e34900c9e9012322cb9ddd57fd8dd0b02da5e27"
artifact_size = 3194
scopes = [
    "compile",
    "runtime",
]
selected_parent = "io.grpc:grpc-netty-shaded:1.83.0"

[[package]]
group = "org.jspecify"
artifact = "jspecify"
version = "1.0.0"
extension = "jar"
source = "https://repo.maven.apache.org/maven2"
pom_checksum = "sha256:cdab929a3b95211f43d2090c5e2d0dfe8465960e378bc32b35841dab324433a6"
artifact_checksum = "sha256:1fad6e6be7557781e4d33729d49ae1cdc8fdda6fe477bb0cc68ce351eafdfbab"
artifact_size = 3819
scopes = [
    "compile",
    "runtime",
]
selected_parent = "com.google.guava:guava:33.6.0-android"

[[package]]
group = "org.junit.platform"
artifact = "junit-platform-console-standalone"
version = "1.12.2"
extension = "jar"
source = "https://repo.maven.apache.org/maven2"
pom_checksum = "sha256:7603098a915a08bbd520e9c0f5ae926a56d8b1356f96f184fae94decfc6f130d"
artifact_checksum = "sha256:329bd10288875a74d04c9ca6b7c9889c265ddf87b21a9ea42a7f7392f391472a"
artifact_size = 2950047
scopes = ["test"]

[classpath]
compile = [
    "sha256:a70e146a6bf2cba4f9cd367169787f50adcfbb57122bc2e9c8390cd0b397ac30",
    "sha256:3eae9db4a4ebb81c33067ab6683a1b12967317957f433c5dcec2a859237c4877",
    "sha256:26434a93561a1a44bf7157b2630fa73a5b4d8df20e94df167bc03fcd14abd7e4",
    "sha256:c6c4df7de641a26f02993c176a27158584c3d4628e40b54ac7d750e7e6a1bceb",
    "sha256:c84635f7ab38d7efc57dbd5274349f776f5ac88d69e2ec2405b20d420f77ae6c",
    "sha256:a471cee26a10c46e9ce186854bfc7c300db0b8aef4e35a5a2ff30d93faf34f67",
    "sha256:b51b11f4cf48e413a676cb39345b1a9db88943fc64db081bf8e711e16e25680b",
    "sha256:959a2ffb2d591436f51f183c6a521fc89347912f711bf0cae008cdf045d95319",
    "sha256:bc0cf46075877201f8406ee7de2741ae7df6c066f5f0457bd80632a718c06e72",
    "sha256:766ad2a0783f2687962c8ad74ceecc38a28b9f72a2d085ee438b7813e928d0c7",
    "sha256:4667724877f1d37a689202da191e23efa7657c62eef93ccdac406eccfe5cdd0a",
    "sha256:9532ca9ba8aceb4cd2067171f981c799988b7f5844e3e274811a3bb757034bc4",
    "sha256:d69fee3874ba1af9cb55dc06bd678567b3d90dff2ba2d0fd65f5224085246f59",
    "sha256:cfd7e51a828fe6b98bc0dbb99e34900c9e9012322cb9ddd57fd8dd0b02da5e27",
    "sha256:beb8107f340dc0bb04bf40d1a61631a21e450c58aad93c160959f0292136d99f",
    "sha256:cbfc3906b19b8f55dd7cfd6dfe0aa4532e834250d7f080bd8d211a3e246b59cb",
    "sha256:b372a037d4230aa57fbeffdef30fd6123f9c0c2db85d0aced00c91b974f33f99",
    "sha256:1fad6e6be7557781e4d33729d49ae1cdc8fdda6fe477bb0cc68ce351eafdfbab",
    "sha256:84d3a150518485f8140ea99b8a985656749629f6433c92b80c75b36aba3b099b",
]
runtime = [
    "sha256:a70e146a6bf2cba4f9cd367169787f50adcfbb57122bc2e9c8390cd0b397ac30",
    "sha256:3eae9db4a4ebb81c33067ab6683a1b12967317957f433c5dcec2a859237c4877",
    "sha256:26434a93561a1a44bf7157b2630fa73a5b4d8df20e94df167bc03fcd14abd7e4",
    "sha256:c6c4df7de641a26f02993c176a27158584c3d4628e40b54ac7d750e7e6a1bceb",
    "sha256:c84635f7ab38d7efc57dbd5274349f776f5ac88d69e2ec2405b20d420f77ae6c",
    "sha256:a471cee26a10c46e9ce186854bfc7c300db0b8aef4e35a5a2ff30d93faf34f67",
    "sha256:b51b11f4cf48e413a676cb39345b1a9db88943fc64db081bf8e711e16e25680b",
    "sha256:959a2ffb2d591436f51f183c6a521fc89347912f711bf0cae008cdf045d95319",
    "sha256:bc0cf46075877201f8406ee7de2741ae7df6c066f5f0457bd80632a718c06e72",
    "sha256:766ad2a0783f2687962c8ad74ceecc38a28b9f72a2d085ee438b7813e928d0c7",
    "sha256:4667724877f1d37a689202da191e23efa7657c62eef93ccdac406eccfe5cdd0a",
    "sha256:9532ca9ba8aceb4cd2067171f981c799988b7f5844e3e274811a3bb757034bc4",
    "sha256:a69e1545047b350627b314dd74e989b7035e0db8e67fb7c519b57d664711a92d",
    "sha256:d69fee3874ba1af9cb55dc06bd678567b3d90dff2ba2d0fd65f5224085246f59",
    "sha256:c7b478503ec524e55df19b424d46d27c8a68aeb801664fadd4f069b71f52d0f6",
    "sha256:cfd7e51a828fe6b98bc0dbb99e34900c9e9012322cb9ddd57fd8dd0b02da5e27",
    "sha256:beb8107f340dc0bb04bf40d1a61631a21e450c58aad93c160959f0292136d99f",
    "sha256:af588bc8046963b6d56770a7804303a6815b0e6cf1efb3f4a2f4f951209e7a3b",
    "sha256:cbfc3906b19b8f55dd7cfd6dfe0aa4532e834250d7f080bd8d211a3e246b59cb",
    "sha256:b372a037d4230aa57fbeffdef30fd6123f9c0c2db85d0aced00c91b974f33f99",
    "sha256:1fad6e6be7557781e4d33729d49ae1cdc8fdda6fe477bb0cc68ce351eafdfbab",
    "sha256:84d3a150518485f8140ea99b8a985656749629f6433c92b80c75b36aba3b099b",
    "sha256:2cbd119bf1961c28788310963dc80ba65f58cdeec1dd139c8bdb1240faa2c36f",
    "sha256:ba734e1e84c09d615af6a09d33034b4f0442f8772dec120efb376d86a565ae15",
    "sha256:c781b317eba2867d14221ce63702997ccfa5f8ae65a72a911745a09fb1c32596",
]
test = [
    "sha256:a70e146a6bf2cba4f9cd367169787f50adcfbb57122bc2e9c8390cd0b397ac30",
    "sha256:3eae9db4a4ebb81c33067ab6683a1b12967317957f433c5dcec2a859237c4877",
    "sha256:26434a93561a1a44bf7157b2630fa73a5b4d8df20e94df167bc03fcd14abd7e4",
    "sha256:c6c4df7de641a26f02993c176a27158584c3d4628e40b54ac7d750e7e6a1bceb",
    "sha256:c84635f7ab38d7efc57dbd5274349f776f5ac88d69e2ec2405b20d420f77ae6c",
    "sha256:a471cee26a10c46e9ce186854bfc7c300db0b8aef4e35a5a2ff30d93faf34f67",
    "sha256:b51b11f4cf48e413a676cb39345b1a9db88943fc64db081bf8e711e16e25680b",
    "sha256:329bd10288875a74d04c9ca6b7c9889c265ddf87b21a9ea42a7f7392f391472a",
    "sha256:959a2ffb2d591436f51f183c6a521fc89347912f711bf0cae008cdf045d95319",
    "sha256:bc0cf46075877201f8406ee7de2741ae7df6c066f5f0457bd80632a718c06e72",
    "sha256:766ad2a0783f2687962c8ad74ceecc38a28b9f72a2d085ee438b7813e928d0c7",
    "sha256:4667724877f1d37a689202da191e23efa7657c62eef93ccdac406eccfe5cdd0a",
    "sha256:9532ca9ba8aceb4cd2067171f981c799988b7f5844e3e274811a3bb757034bc4",
    "sha256:a69e1545047b350627b314dd74e989b7035e0db8e67fb7c519b57d664711a92d",
    "sha256:d69fee3874ba1af9cb55dc06bd678567b3d90dff2ba2d0fd65f5224085246f59",
    "sha256:c7b478503ec524e55df19b424d46d27c8a68aeb801664fadd4f069b71f52d0f6",
    "sha256:cfd7e51a828fe6b98bc0dbb99e34900c9e9012322cb9ddd57fd8dd0b02da5e27",
    "sha256:beb8107f340dc0bb04bf40d1a61631a21e450c58aad93c160959f0292136d99f",
    "sha256:af588bc8046963b6d56770a7804303a6815b0e6cf1efb3f4a2f4f951209e7a3b",
    "sha256:cbfc3906b19b8f55dd7cfd6dfe0aa4532e834250d7f080bd8d211a3e246b59cb",
    "sha256:b372a037d4230aa57fbeffdef30fd6123f9c0c2db85d0aced00c91b974f33f99",
    "sha256:1fad6e6be7557781e4d33729d49ae1cdc8fdda6fe477bb0cc68ce351eafdfbab",
    "sha256:84d3a150518485f8140ea99b8a985656749629f6433c92b80c75b36aba3b099b",
    "sha256:2cbd119bf1961c28788310963dc80ba65f58cdeec1dd139c8bdb1240faa2c36f",
    "sha256:ba734e1e84c09d615af6a09d33034b4f0442f8772dec120efb376d86a565ae15",
    "sha256:c781b317eba2867d14221ce63702997ccfa5f8ae65a72a911745a09fb1c32596",
]
