# Auto-generated by jman. DO NOT EDIT.
lock-version = 3
manifest-hash = "sha256:f4737c32a67797f73e30842b2d89adac6bb10e2f98d8589dfa0798e2b851100a"
workspace-hash = "sha256:16d41b9ae6888f9d74429cac05edfce477d40f4d96fb620e98a547b06b45deb8"
platform = "linux-x86_64"

[toolchain]
java-release = 21

[[package]]
group = "com.google.protobuf"
artifact = "protobuf-java"
version = "4.36.1"
extension = "jar"
source = "https://repo.maven.apache.org/maven2"
pom_checksum = "sha256:8a57512dc7fbdd54937055461c440959731e88f021d287b0ae3e128e9a2fd2fa"
artifact_checksum = "sha256:26434a93561a1a44bf7157b2630fa73a5b4d8df20e94df167bc03fcd14abd7e4"
artifact_size = 1795060
scopes = ["compile"]

[classpath]
compile = ["sha256:26434a93561a1a44bf7157b2630fa73a5b4d8df20e94df167bc03fcd14abd7e4"]
runtime = ["sha256:26434a93561a1a44bf7157b2630fa73a5b4d8df20e94df167bc03fcd14abd7e4"]
test = ["sha256:26434a93561a1a44bf7157b2630fa73a5b4d8df20e94df167bc03fcd14abd7e4"]
