# Auto-generated by jman. DO NOT EDIT.
lock-version = 3
manifest-hash = "sha256:e50f7e0c776855a95990b14c03cd35ea655bbdccce3e016c031fddc91ab5466b"
workspace-hash = "sha256:2aad9b1b2cfeb4f7ffa37a812fc34e72f4fc3bb809d962ffab009640c9f4daa1"
platform = "linux-x86_64"

[toolchain]
java-release = 25

[[package]]
group = "com.fasterxml.jackson.core"
artifact = "jackson-annotations"
version = "2.22"
extension = "jar"
source = "https://repo.maven.apache.org/maven2"
pom_checksum = "sha256:38c3ba52a0eade3e3eacc5b13499d56e1038ccbad8ec4bb79426dc21432b46d0"
artifact_checksum = "sha256:21ddb598807d3a51a876704eb979d9296e1c6a6f47ab1826ff88c6d6a127a2d0"
artifact_size = 84211
scopes = ["compile"]
selected_parent = "io.micronaut:micronaut-jackson-core:4.10.29"

[[package]]
group = "com.fasterxml.jackson.core"
artifact = "jackson-core"
version = "2.21.6"
extension = "jar"
source = "https://repo.maven.apache.org/maven2"
pom_checksum = "sha256:e23418096b02abd1cc829100f4195b07b88dbdf5e17d51440e900ae335073052"
artifact_checksum = "sha256:36111c3a4372cd5c2be6f4ec44a050382487920f3fc38ca3015c9c1678bd7c56"
artifact_size = 594296
scopes = ["compile"]
selected_parent = "io.micronaut:micronaut-jackson-core:4.10.29"

[[package]]
group = "com.fasterxml.jackson.core"
artifact = "jackson-databind"
version = "2.21.6"
extension = "jar"
source = "https://repo.maven.apache.org/maven2"
pom_checksum = "sha256:18205190a800163548cecfd817b3f330bb6b9522fa826bdc9b1db9fade997d32"
artifact_checksum = "sha256:62134a98de12d0a421cd2f5b9854c8e63f10f524b0341e66cfd31a4326f6a329"
artifact_size = 1707967
dependencies = [
    "com.fasterxml.jackson.core:jackson-annotations:2.22",
    "com.fasterxml.jackson.core:jackson-core:2.21.6",
]
scopes = ["compile"]
selected_parent = "io.micronaut:micronaut-jackson-databind:4.10.29"

[[package]]
group = "com.fasterxml.jackson.datatype"
artifact = "jackson-datatype-jdk8"
version = "2.21.6"
extension = "jar"
source = "https://repo.maven.apache.org/maven2"
pom_checksum = "sha256:ab0ddd3d7725a8f30429c6b16923a1dcfd8659983ef5547f0bc63af16f1bbd30"
artifact_checksum = "sha256:ffcb606cc9fec4ad22c096fdc101bf1b6eb17b5f53c741ab306632ecdf4a438e"
artifact_size = 36039
dependencies = [
    "com.fasterxml.jackson.core:jackson-core:2.21.6",
    "com.fasterxml.jackson.core:jackson-databind:2.21.6",
]
scopes = ["compile"]
selected_parent = "io.micronaut:micronaut-jackson-databind:4.10.29"

[[package]]
group = "com.fasterxml.jackson.datatype"
artifact = "jackson-datatype-jsr310"
version = "2.21.6"
extension = "jar"
source = "https://repo.maven.apache.org/maven2"
pom_checksum = "sha256:4fe1e9d01a748463fa8e9247ac29c124fd60e4d748abec8bcfe54e7ee7da2792"
artifact_checksum = "sha256:1d82027afe574c63e24df72eb109f98de02dff3bb5adf81f0174b27088490067"
artifact_size = 136877
dependencies = [
    "com.fasterxml.jackson.core:jackson-core:2.21.6",
    "com.fasterxml.jackson.core:jackson-databind:2.21.6",
    "com.fasterxml.jackson.core:jackson-annotations:2.22",
]
scopes = ["compile"]
selected_parent = "io.micronaut:micronaut-jackson-databind:4.10.29"

[[package]]
group = "com.github.javaparser"
artifact = "javaparser-core"
version = "3.27.0"
extension = "jar"
source = "https://repo.maven.apache.org/maven2"
pom_checksum = "sha256:fbbc3e6f0159cc6ec0c80b38e653ebfc4ef8414305344e34f4fd76393ec08d12"
artifact_checksum = "sha256:11b0deeaeb29f2496e1704c8c6f7593f14901f7253a671b81bdaa531bead779f"
artifact_size = 1442091
scopes = ["processor"]
selected_parent = "com.github.javaparser:javaparser-symbol-solver-core:3.27.0"

[[package]]
group = "com.github.javaparser"
artifact = "javaparser-symbol-solver-core"
version = "3.27.0"
extension = "jar"
source = "https://repo.maven.apache.org/maven2"
pom_checksum = "sha256:9dd8eea4ad8a1a945170a74287693fa4cce8f512a3acaf1d4debefafcc67124d"
artifact_checksum = "sha256:a715c85f4986589d53a7a33e751461bf2630ed69076523cd775d06620894b1f8"
artifact_size = 513468
dependencies = [
    "com.github.javaparser:javaparser-core:3.27.0",
    "org.checkerframework:checker-qual:3.49.4",
]
scopes = ["processor"]
selected_parent = "io.micronaut:micronaut-core-processor:4.10.29"

[[package]]
group = "io.micronaut"
artifact = "micronaut-aop"
version = "4.10.29"
extension = "jar"
source = "https://repo.maven.apache.org/maven2"
pom_checksum = "sha256:a1e8eb2a9bae8ff642550644d21c1fe83943b73e61aed17491cc249c5d490fbc"
artifact_checksum = "sha256:239457fefbcca2d3a2e8b43dea449b34415f66aa4ab8d46e1d24c044dcfc02b6"
artifact_size = 74552
dependencies = [
    "org.slf4j:slf4j-api:2.0.17",
    "io.micronaut:micronaut-inject:4.10.29",
    "io.micronaut:micronaut-core:4.10.29",
]
scopes = [
    "compile",
    "processor",
    "test",
]
selected_parent = "io.micronaut:micronaut-runtime:4.10.29"

[[package]]
group = "io.micronaut"
artifact = "micronaut-buffer-netty"
version = "4.10.29"
extension = "jar"
source = "https://repo.maven.apache.org/maven2"
pom_checksum = "sha256:602f6ecefccca519c25f4bb6d2fb4f32dda8d0551c03a5737271c7c60d8e86c1"
artifact_checksum = "sha256:74ba9494a911fcbefb5c1c2d02fa7bd207b0d03732e9b6972f1e10fd87076806"
artifact_size = 24728
dependencies = [
    "org.slf4j:slf4j-api:2.0.17",
    "io.micronaut:micronaut-core:4.10.29",
    "io.micronaut:micronaut-inject:4.10.29",
    "io.netty:netty-buffer:4.2.18.Final",
]
scopes = [
    "compile",
    "test",
]
selected_parent = "io.micronaut:micronaut-http-netty:4.10.29"

[[package]]
group = "io.micronaut"
artifact = "micronaut-context"
version = "4.10.29"
extension = "jar"
source = "https://repo.maven.apache.org/maven2"
pom_checksum = "sha256:dcd9011dbe29c19681ab69957868b6e2f6d160004b2214140cb59f33b514fb7b"
artifact_checksum = "sha256:4ed461e1078488dd016b7303560d7f79c73ce236c87758a747d77f9925c37336"
artifact_size = 294632
dependencies = [
    "org.slf4j:slf4j-api:2.0.17",
    "io.micronaut:micronaut-inject:4.10.29",
    "io.micronaut:micronaut-aop:4.10.29",
]
scopes = [
    "compile",
    "test",
]
selected_parent = "io.micronaut:micronaut-runtime:4.10.29"

[[package]]
group = "io.micronaut"
artifact = "micronaut-context-propagation"
version = "4.10.29"
extension = "jar"
source = "https://repo.maven.apache.org/maven2"
pom_checksum = "sha256:22328f1b43b29f13156481d3481463a62fa9f5f57b029dea917f3f4772f92869"
artifact_checksum = "sha256:01656b79aaa52783ea2648d757da138b035c0b3fc104f685a53c29e26deddda8"
artifact_size = 10301
dependencies = [
    "org.slf4j:slf4j-api:2.0.17",
    "io.micronaut:micronaut-context:4.10.29",
    "io.micronaut:micronaut-inject:4.10.29",
    "io.micronaut:micronaut-aop:4.10.29",
]
scopes = [
    "compile",
    "test",
]
selected_parent = "io.micronaut:micronaut-runtime:4.10.29"

[[package]]
group = "io.micronaut"
artifact = "micronaut-core"
version = "4.10.29"
extension = "jar"
source = "https://repo.maven.apache.org/maven2"
pom_checksum = "sha256:d710fac1fa0949259570bb89dbd10de79ff0555938630d4923ad1743f6b630f4"
artifact_checksum = "sha256:42a935fa9608edd561c11f51e2afa446e3593a30315b6a00075e3ed5666bc52e"
artifact_size = 612144
dependencies = ["org.slf4j:slf4j-api:2.0.17"]
scopes = [
    "compile",
    "processor",
    "test",
]
selected_parent = "io.micronaut:micronaut-http-server-netty:4.10.29"

[[package]]
group = "io.micronaut"
artifact = "micronaut-core-processor"
version = "4.10.29"
extension = "jar"
source = "https://repo.maven.apache.org/maven2"
pom_checksum = "sha256:4e52b7d1a405ce65533e8470b5408bbcb1c21022d5b89f6fb661c8b987449585"
artifact_checksum = "sha256:9627ed13476979cf63b77432348cba1da9a377c8d443f96bb465a625edfe3d66"
artifact_size = 718899
dependencies = [
    "org.slf4j:slf4j-api:2.0.17",
    "io.micronaut:micronaut-inject:4.10.29",
    "io.micronaut:micronaut-aop:4.10.29",
    "com.github.javaparser:javaparser-symbol-solver-core:3.27.0",
    "io.micronaut.sourcegen:micronaut-sourcegen-bytecode-writer:1.8.2",
    "io.micronaut:micronaut-core-reactive:4.10.29",
    "org.ow2.asm:asm:9.8",
]
scopes = ["processor"]
selected_parent = "io.micronaut:micronaut-inject-java:4.10.29"

[[package]]
group = "io.micronaut"
artifact = "micronaut-core-reactive"
version = "4.10.29"
extension = "jar"
source = "https://repo.maven.apache.org/maven2"
pom_checksum = "sha256:eed838620f3145d3659e00bbae829270f0af5aeb91fbb9eacc9566e92cb58575"
artifact_checksum = "sha256:3501393f2ad0c35ceeb421a225514bb5060456fba5175f96102d1e95cc5058c7"
artifact_size = 62749
dependencies = [
    "org.slf4j:slf4j-api:2.0.17",
    "io.micronaut:micronaut-core:4.10.29",
    "org.reactivestreams:reactive-streams:1.0.4",
]
scopes = [
    "compile",
    "processor",
    "test",
]
selected_parent = "io.micronaut:micronaut-runtime:4.10.29"

[[package]]
group = "io.micronaut"
artifact = "micronaut-discovery-core"
version = "4.10.29"
extension = "jar"
source = "https://repo.maven.apache.org/maven2"
pom_checksum = "sha256:40b38d939d9b283dcc48fae0ee86b0187dfe24abddbe9af163bfc93fadfa392e"
artifact_checksum = "sha256:7cac81c841a44b23e9d0c1bf391e314f46ce57e20b67b9dea7e8b7703badb13b"
artifact_size = 89462
dependencies = [
    "org.slf4j:slf4j-api:2.0.17",
    "io.micronaut:micronaut-context:4.10.29",
    "io.projectreactor:reactor-core:3.7.12",
]
scopes = [
    "compile",
    "test",
]
selected_parent = "io.micronaut:micronaut-runtime:4.10.29"

[[package]]
group = "io.micronaut"
artifact = "micronaut-http"
version = "4.10.29"
extension = "jar"
source = "https://repo.maven.apache.org/maven2"
pom_checksum = "sha256:cb0c0507469afd7d18fb11f843fc88b9066ae4fe731486f9002544fd3d745637"
artifact_checksum = "sha256:5932c5ae6f1feeb6a6cd0537d8cf0ded98ab96b52b1dc00b366ce9c7a3c78656"
artifact_size = 787451
dependencies = [
    "org.slf4j:slf4j-api:2.0.17",
    "io.micronaut:micronaut-context:4.10.29",
    "io.micronaut:micronaut-core-reactive:4.10.29",
    "io.micronaut:micronaut-context-propagation:4.10.29",
    "io.projectreactor:reactor-core:3.7.12",
]
scopes = [
    "compile",
    "test",
]
selected_parent = "io.micronaut:micronaut-runtime:4.10.29"

[[package]]
group = "io.micronaut"
artifact = "micronaut-http-client"
version = "4.10.29"
extension = "jar"
source = "https://repo.maven.apache.org/maven2"
pom_checksum = "sha256:10c8cfd99ff73291be2b627850c12f951e0a169241e4bffe3f8e043200f185e9"
artifact_checksum = "sha256:162aa9073114ab5c47f6b05e8bf1b0da366722d43e9949b2f863be2522d7b385"
artifact_size = 269893
dependencies = [
    "org.slf4j:slf4j-api:2.0.17",
    "io.micronaut:micronaut-context:4.10.29",
    "io.micronaut:micronaut-http-client-core:4.10.29",
    "io.micronaut:micronaut-websocket:4.10.29",
    "io.micronaut:micronaut-http-netty:4.10.29",
    "io.netty:netty-handler-proxy:4.2.18.Final",
    "io.projectreactor:reactor-core:3.7.12",
]
scopes = ["test"]

[[package]]
group = "io.micronaut"
artifact = "micronaut-http-client-core"
version = "4.10.29"
extension = "jar"
source = "https://repo.maven.apache.org/maven2"
pom_checksum = "sha256:bed10cb798584479f21e59fd92e59c344e79e718fe4a9437b605d5751ccdd7c1"
artifact_checksum = "sha256:3f1b9d503f795efef76f782058464552f5cf3d7dff6c70a2e9a2f4f0af0c42f0"
artifact_size = 229404
dependencies = [
    "org.slf4j:slf4j-api:2.0.17",
    "io.micronaut:micronaut-http:4.10.29",
    "io.micronaut:micronaut-json-core:4.10.29",
    "io.micronaut:micronaut-discovery-core:4.10.29",
    "io.projectreactor:reactor-core:3.7.12",
]
scopes = ["test"]
selected_parent = "io.micronaut:micronaut-http-client:4.10.29"

[[package]]
group = "io.micronaut"
artifact = "micronaut-http-netty"
version = "4.10.29"
extension = "jar"
source = "https://repo.maven.apache.org/maven2"
pom_checksum = "sha256:3b69223828d66e822d68d687f43155bc358bfa5f36369e88327d905afc0be5f5"
artifact_checksum = "sha256:359e75b6f88ccc505c52b655a06c9e62f1d19a22388f5a2156e3f63b343cb526"
artifact_size = 287661
dependencies = [
    "org.slf4j:slf4j-api:2.0.17",
    "io.micronaut:micronaut-http:4.10.29",
    "io.micronaut:micronaut-buffer-netty:4.10.29",
    "io.netty:netty-codec-http:4.2.18.Final",
    "io.netty:netty-codec-http2:4.2.18.Final",
    "io.netty:netty-handler:4.2.18.Final",
    "io.projectreactor:reactor-core:3.7.12",
]
scopes = [
    "compile",
    "test",
]
selected_parent = "io.micronaut:micronaut-http-server-netty:4.10.29"

[[package]]
group = "io.micronaut"
artifact = "micronaut-http-server"
version = "4.10.29"
extension = "jar"
source = "https://repo.maven.apache.org/maven2"
pom_checksum = "sha256:a4be14d006b80a0b9d62246d695ab45413ace1dac50ba35db378e739e61fd414"
artifact_checksum = "sha256:1f731a2df24f0f521ce86eab913386e69d2d15fd5d4525dafd5a43fa20fe3ceb"
artifact_size = 336251
dependencies = [
    "org.slf4j:slf4j-api:2.0.17",
    "io.micronaut:micronaut-http:4.10.29",
    "io.micronaut:micronaut-router:4.10.29",
    "io.projectreactor:reactor-core:3.7.12",
]
scopes = ["compile"]
selected_parent = "io.micronaut:micronaut-http-server-netty:4.10.29"

[[package]]
group = "io.micronaut"
artifact = "micronaut-http-server-netty"
version = "4.10.29"
extension = "jar"
source = "https://repo.maven.apache.org/maven2"
pom_checksum = "sha256:35e6ef24b6d7bbb2c9640089342d00346b9b52ec09bbde9c2daf7def8bd7f373"
artifact_checksum = "sha256:39e7ce38311c057925b97dbad7e04c2f5da5b8b52bd88b834c488a90b3b09058"
artifact_size = 540496
dependencies = [
    "org.slf4j:slf4j-api:2.0.17",
    "io.micronaut:micronaut-http-server:4.10.29",
    "io.micronaut:micronaut-core:4.10.29",
    "io.micronaut:micronaut-http-netty:4.10.29",
    "io.netty:netty-codec-http:4.2.18.Final",
    "io.projectreactor:reactor-core:3.7.12",
]
scopes = ["compile"]

[[package]]
group = "io.micronaut"
artifact = "micronaut-inject"
version = "4.10.29"
extension = "jar"
source = "https://repo.maven.apache.org/maven2"
pom_checksum = "sha256:f86527deaeba221c02c4aa4ad068fe536353ee1f7873e357b4de5b10a92b6a3a"
artifact_checksum = "sha256:ef196d9f88d60379fc4246edcb91ffe248d62694394a90eb06df09c5e202b574"
artifact_size = 827245
dependencies = [
    "org.slf4j:slf4j-api:2.0.17",
    "jakarta.inject:jakarta.inject-api:2.0.1",
    "jakarta.annotation:jakarta.annotation-api:3.0.0",
    "io.micronaut:micronaut-core:4.10.29",
]
scopes = [
    "compile",
    "processor",
    "test",
]
selected_parent = "io.micronaut:micronaut-runtime:4.10.29"

[[package]]
group = "io.micronaut"
artifact = "micronaut-inject-java"
version = "4.10.29"
extension = "jar"
source = "https://repo.maven.apache.org/maven2"
pom_checksum = "sha256:18bdb9e86477ca026291c2e56609ffa4adf82d3fb2a4bb751e643abd5c41e2d0"
artifact_checksum = "sha256:e83337c68bac9ea265d16d92dbb63447ca1720657f3b09e415462dd87dff7bcf"
artifact_size = 185062
dependencies = [
    "org.slf4j:slf4j-api:2.0.17",
    "io.micronaut:micronaut-core-processor:4.10.29",
]
scopes = ["processor"]

[[package]]
group = "io.micronaut"
artifact = "micronaut-jackson-core"
version = "4.10.29"
extension = "jar"
source = "https://repo.maven.apache.org/maven2"
pom_checksum = "sha256:baa98b049eba987f199dd51a38669bc93df018ad2647f0815adf58aa19c32da1"
artifact_checksum = "sha256:34dcf313fdb2452fc30654b52b0d0b9fbb829a4a5345c2bd3f2442ab0b163314"
artifact_size = 41611
dependencies = [
    "org.slf4j:slf4j-api:2.0.17",
    "io.micronaut:micronaut-json-core:4.10.29",
    "com.fasterxml.jackson.core:jackson-core:2.21.6",
    "com.fasterxml.jackson.core:jackson-annotations:2.22",
]
scopes = ["compile"]
selected_parent = "io.micronaut:micronaut-jackson-databind:4.10.29"

[[package]]
group = "io.micronaut"
artifact = "micronaut-jackson-databind"
version = "4.10.29"
extension = "jar"
source = "https://repo.maven.apache.org/maven2"
pom_checksum = "sha256:1739973ccdcdc8f33ae9b2c6ff0f71c00a9ae032cd3d17873459ee713057cc03"
artifact_checksum = "sha256:d7421e53e1aca2b235fd6697d37f740cd11b2abad673bc6340cd3d6c7d6e78c4"
artifact_size = 153844
dependencies = [
    "org.slf4j:slf4j-api:2.0.17",
    "io.micronaut:micronaut-jackson-core:4.10.29",
    "com.fasterxml.jackson.core:jackson-databind:2.21.6",
    "com.fasterxml.jackson.datatype:jackson-datatype-jdk8:2.21.6",
    "com.fasterxml.jackson.datatype:jackson-datatype-jsr310:2.21.6",
]
scopes = ["compile"]

[[package]]
group = "io.micronaut"
artifact = "micronaut-json-core"
version = "4.10.29"
extension = "jar"
source = "https://repo.maven.apache.org/maven2"
pom_checksum = "sha256:04ca9c72ae00c75930ad0b92b0bc434f0ed50384a2a9bdb417c5d5777e92eda6"
artifact_checksum = "sha256:0c0d69e583125686b83e5b1cd65c8b70d03fdae6684b3d52905a2698a7b2c1ee"
artifact_size = 68318
dependencies = [
    "org.slf4j:slf4j-api:2.0.17",
    "io.micronaut:micronaut-context:4.10.29",
    "io.micronaut:micronaut-http:4.10.29",
]
scopes = [
    "compile",
    "test",
]
selected_parent = "io.micronaut:micronaut-jackson-core:4.10.29"

[[package]]
group = "io.micronaut"
artifact = "micronaut-retry"
version = "4.10.29"
extension = "jar"
source = "https://repo.maven.apache.org/maven2"
pom_checksum = "sha256:13c190dd9168ddfdafcfed06e318a85a0b69936f02f9ab12536910693e81635d"
artifact_checksum = "sha256:59f74c54cecbe2d9d330d06406c45211baaf2933d1eea82e28e27eb098c7cbaf"
artifact_size = 42993
dependencies = [
    "org.slf4j:slf4j-api:2.0.17",
    "io.micronaut:micronaut-context:4.10.29",
    "io.micronaut:micronaut-core-reactive:4.10.29",
    "io.projectreactor:reactor-core:3.7.12",
]
scopes = ["compile"]
selected_parent = "io.micronaut:micronaut-runtime:4.10.29"

[[package]]
group = "io.micronaut"
artifact = "micronaut-router"
version = "4.10.29"
extension = "jar"
source = "https://repo.maven.apache.org/maven2"
pom_checksum = "sha256:edcbf9e687a27cb351ea68bb64f6cb7e474c6d68989ea49290848b40f9660fbf"
artifact_checksum = "sha256:1f10727132ee01aaa3ceb7eed74580cd84ce8de3baa0a096687f031ab6ebf3db"
artifact_size = 203205
dependencies = [
    "org.slf4j:slf4j-api:2.0.17",
    "io.micronaut:micronaut-inject:4.10.29",
    "io.micronaut:micronaut-http:4.10.29",
]
scopes = ["compile"]
selected_parent = "io.micronaut:micronaut-http-server:4.10.29"

[[package]]
group = "io.micronaut"
artifact = "micronaut-runtime"
version = "4.10.29"
extension = "jar"
source = "https://repo.maven.apache.org/maven2"
pom_checksum = "sha256:6175d185061c24ad0fdb6cd6917659644ac3a3359a075357e0175493ecb524c9"
artifact_checksum = "sha256:302b34288afcaa38800237cddf34086a5ea5ce237919bb9079cfcb341d7d4628"
artifact_size = 1784
dependencies = [
    "org.slf4j:slf4j-api:2.0.17",
    "io.micronaut:micronaut-aop:4.10.29",
    "io.micronaut:micronaut-discovery-core:4.10.29",
    "io.micronaut:micronaut-context:4.10.29",
    "io.micronaut:micronaut-context-propagation:4.10.29",
    "io.micronaut:micronaut-core-reactive:4.10.29",
    "io.micronaut:micronaut-http:4.10.29",
    "io.micronaut:micronaut-inject:4.10.29",
    "io.micronaut:micronaut-retry:4.10.29",
    "io.projectreactor:reactor-core:3.7.12",
]
scopes = ["compile"]

[[package]]
group = "io.micronaut"
artifact = "micronaut-websocket"
version = "4.10.29"
extension = "jar"
source = "https://repo.maven.apache.org/maven2"
pom_checksum = "sha256:9d6d4710384313bec0854131190a6ec9448b064d44abb9fd12ba07826dfcac26"
artifact_checksum = "sha256:426b0bc3ceeb2d6513f8387b06657eb15ec85d77934acfb43ccef40ec4cb95fa"
artifact_size = 39942
dependencies = [
    "org.slf4j:slf4j-api:2.0.17",
    "io.micronaut:micronaut-http:4.10.29",
    "io.micronaut:micronaut-http-client-core:4.10.29",
    "io.micronaut:micronaut-inject:4.10.29",
    "io.micronaut:micronaut-aop:4.10.29",
    "io.projectreactor:reactor-core:3.7.12",
]
scopes = ["test"]
selected_parent = "io.micronaut:micronaut-http-client:4.10.29"

[[package]]
group = "io.micronaut.sourcegen"
artifact = "micronaut-sourcegen-bytecode-writer"
version = "1.8.2"
extension = "jar"
source = "https://repo.maven.apache.org/maven2"
pom_checksum = "sha256:8b900e80c4530d43eae77a72bfb7cd423bf0877becb6086eb9d1ba8e20b01789"
artifact_checksum = "sha256:5ef9c4e24a7928fe02d6b3532c4d4c4865f018aee39867d18ffce7996a497161"
artifact_size = 113556
dependencies = [
    "io.micronaut:micronaut-inject:4.10.29",
    "io.micronaut.sourcegen:micronaut-sourcegen-model:1.8.2",
    "org.ow2.asm:asm:9.8",
    "org.ow2.asm:asm-commons:9.8",
    "org.ow2.asm:asm-util:9.8",
]
scopes = ["processor"]
selected_parent = "io.micronaut:micronaut-core-processor:4.10.29"

[[package]]
group = "io.micronaut.sourcegen"
artifact = "micronaut-sourcegen-model"
version = "1.8.2"
extension = "jar"
source = "https://repo.maven.apache.org/maven2"
pom_checksum = "sha256:eb85593565442afa4ae092f01d784c4753646c5424f2f6fedaecffd533ab9b9b"
artifact_checksum = "sha256:f9f1fe2eb938b5d7b7c755d8e96a4c96c71f23954613b2877a6e32f280e71b7e"
artifact_size = 175998
dependencies = ["io.micronaut:micronaut-inject:4.10.29"]
scopes = ["processor"]
selected_parent = "io.micronaut.sourcegen:micronaut-sourcegen-bytecode-writer:1.8.2"

[[package]]
group = "io.netty"
artifact = "netty-buffer"
version = "4.2.18.Final"
extension = "jar"
source = "https://repo.maven.apache.org/maven2"
pom_checksum = "sha256:de9fa8147013f4df75c28bba030fdc62a495a8331314b317efd027a51eab43c9"
artifact_checksum = "sha256:fdf236d2b76aa9710684401fdad7dff9dec56e43da5d39172c9a55ba5f14b360"
artifact_size = 378263
dependencies = ["io.netty:netty-common:4.2.18.Final"]
scopes = [
    "compile",
    "test",
]
selected_parent = "io.netty:netty-codec-http:4.2.18.Final"

[[package]]
group = "io.netty"
artifact = "netty-codec-base"
version = "4.2.18.Final"
extension = "jar"
source = "https://repo.maven.apache.org/maven2"
pom_checksum = "sha256:ecf23b1309430129f053e7e0036e3299b6ac2947966b2b52c648f604bfa536da"
artifact_checksum = "sha256:7e4612bead7ba88ac6f7908fa722f90ad6835ea96505c9e40b2f93686c1f61f3"
artifact_size = 155356
dependencies = [
    "io.netty:netty-common:4.2.18.Final",
    "io.netty:netty-buffer:4.2.18.Final",
    "io.netty:netty-transport:4.2.18.Final",
]
scopes = [
    "compile",
    "test",
]
selected_parent = "io.netty:netty-codec-http:4.2.18.Final"

[[package]]
group = "io.netty"
artifact = "netty-codec-compression"
version = "4.2.18.Final"
extension = "jar"
source = "https://repo.maven.apache.org/maven2"
pom_checksum = "sha256:20970622925f5838e3b32c823ddc495dd5af063c829c1e3041b679fda895e8a3"
artifact_checksum = "sha256:9d8a4b9a6a2a166ec5a4bbe51a78b4f6a726457c51d81495743c7e7ccb9f4765"
artifact_size = 237340
dependencies = [
    "io.netty:netty-common:4.2.18.Final",
    "io.netty:netty-buffer:4.2.18.Final",
    "io.netty:netty-transport:4.2.18.Final",
    "io.netty:netty-codec-base:4.2.18.Final",
]
scopes = [
    "compile",
    "test",
]
selected_parent = "io.netty:netty-codec-http:4.2.18.Final"

[[package]]
group = "io.netty"
artifact = "netty-codec-http"
version = "4.2.18.Final"
extension = "jar"
source = "https://repo.maven.apache.org/maven2"
pom_checksum = "sha256:a8dae80f5f03c884b5c808bab6c6f9d1efee4c7c29db2fcaefbd81eb31af45f3"
artifact_checksum = "sha256:2d50765eb58591ce35146c54ca032a257808d2165d8985a8522c70ea1470e8d7"
artifact_size = 681156
dependencies = [
    "io.netty:netty-common:4.2.18.Final",
    "io.netty:netty-buffer:4.2.18.Final",
    "io.netty:netty-transport:4.2.18.Final",
    "io.netty:netty-codec-base:4.2.18.Final",
    "io.netty:netty-codec-compression:4.2.18.Final",
    "io.netty:netty-handler:4.2.18.Final",
]
scopes = [
    "compile",
    "test",
]
selected_parent = "io.micronaut:micronaut-http-server-netty:4.10.29"

[[package]]
group = "io.netty"
artifact = "netty-codec-http2"
version = "4.2.18.Final"
extension = "jar"
source = "https://repo.maven.apache.org/maven2"
pom_checksum = "sha256:da424e550624f9c1d3833c9fe735051fd7f2a61c10ba2ab340474d7cbcdeba7b"
artifact_checksum = "sha256:a45a2b06c377b9c87c21ae2b37f04c8d808192590a73d977e7a60fd59921f283"
artifact_size = 497705
dependencies = [
    "io.netty:netty-common:4.2.18.Final",
    "io.netty:netty-buffer:4.2.18.Final",
    "io.netty:netty-transport:4.2.18.Final",
    "io.netty:netty-codec-base:4.2.18.Final",
    "io.netty:netty-handler:4.2.18.Final",
    "io.netty:netty-codec-http:4.2.18.Final",
]
scopes = [
    "compile",
    "test",
]
selected_parent = "io.micronaut:micronaut-http-netty:4.10.29"

[[package]]
group = "io.netty"
artifact = "netty-codec-socks"
version = "4.2.18.Final"
extension = "jar"
source = "https://repo.maven.apache.org/maven2"
pom_checksum = "sha256:f1a0a3f1b71894d8fdaf52ea55773cb6f07a00f872ee2d489521f1e57a6f8c4c"
artifact_checksum = "sha256:25dea7bc1ad990ab8959065f0690b63574d8db4f51033cd98458fc84c59367f3"
artifact_size = 133039
dependencies = [
    "io.netty:netty-common:4.2.18.Final",
    "io.netty:netty-buffer:4.2.18.Final",
    "io.netty:netty-transport:4.2.18.Final",
    "io.netty:netty-codec-base:4.2.18.Final",
]
scopes = ["test"]
selected_parent = "io.netty:netty-handler-proxy:4.2.18.Final"

[[package]]
group = "io.netty"
artifact = "netty-common"
version = "4.2.18.Final"
extension = "jar"
source = "https://repo.maven.apache.org/maven2"
pom_checksum = "sha256:d87194f803e1bdc84bb8d5a982a28b57b99da1d6e71ecc172f52e4cd00e46914"
artifact_checksum = "sha256:5d97cae5669685872339698efe13f74fe3cdb2dccdb36963b2352bd95acf7070"
artifact_size = 903757
scopes = [
    "compile",
    "test",
]
selected_parent = "io.netty:netty-codec-http:4.2.18.Final"

[[package]]
group = "io.netty"
artifact = "netty-handler"
version = "4.2.18.Final"
extension = "jar"
source = "https://repo.maven.apache.org/maven2"
pom_checksum = "sha256:f480dd0ad6abce8a4ec64d590bc7f2fa67f0fb4bca18f811a54fa491176f2ddd"
artifact_checksum = "sha256:6d5a08d9dd6d7d0211202e22dbb1629b23a62550335c7e80892da1d4cb115540"
artifact_size = 588760
dependencies = [
    "io.netty:netty-common:4.2.18.Final",
    "io.netty:netty-resolver:4.2.18.Final",
    "io.netty:netty-buffer:4.2.18.Final",
    "io.netty:netty-transport:4.2.18.Final",
    "io.netty:netty-transport-native-unix-common:4.2.18.Final",
    "io.netty:netty-codec-base:4.2.18.Final",
]
scopes = [
    "compile",
    "test",
]
selected_parent = "io.micronaut:micronaut-http-netty:4.10.29"

[[package]]
group = "io.netty"
artifact = "netty-handler-proxy"
version = "4.2.18.Final"
extension = "jar"
source = "https://repo.maven.apache.org/maven2"
pom_checksum = "sha256:9893ea950702dd06c1ac0ab410acc296763870e2832a6441a5087ed08bd0cf2e"
artifact_checksum = "sha256:d7786de71c0d405b80b4262e0c585618e6f20e7fd3188cb4f599ffc4029ee9ea"
artifact_size = 26792
dependencies = [
    "io.netty:netty-common:4.2.18.Final",
    "io.netty:netty-buffer:4.2.18.Final",
    "io.netty:netty-transport:4.2.18.Final",
    "io.netty:netty-codec-base:4.2.18.Final",
    "io.netty:netty-codec-socks:4.2.18.Final",
    "io.netty:netty-codec-http:4.2.18.Final",
    "io.netty:netty-handler:4.2.18.Final",
]
scopes = ["test"]
selected_parent = "io.micronaut:micronaut-http-client:4.10.29"

[[package]]
group = "io.netty"
artifact = "netty-resolver"
version = "4.2.18.Final"
extension = "jar"
source = "https://repo.maven.apache.org/maven2"
pom_checksum = "sha256:d87958d9f5e2b5e62223f8c7af79870b96b91ebc8fb77b846432989fcb71af78"
artifact_checksum = "sha256:68373ec544cf769ba17bf2ef455166d98f2c260dff536edf35ef57067a9c155f"
artifact_size = 32975
dependencies = ["io.netty:netty-common:4.2.18.Final"]
scopes = [
    "compile",
    "test",
]
selected_parent = "io.netty:netty-handler:4.2.18.Final"

[[package]]
group = "io.netty"
artifact = "netty-transport"
version = "4.2.18.Final"
extension = "jar"
source = "https://repo.maven.apache.org/maven2"
pom_checksum = "sha256:2849f57c33af4d775602bb161fad27bf02fb5cba92e37a7aedb5ebde54480470"
artifact_checksum = "sha256:eac4f12068db4489e60c6520fad663e5d872f0436a7c641aa9e08db649947863"
artifact_size = 549970
dependencies = [
    "io.netty:netty-common:4.2.18.Final",
    "io.netty:netty-buffer:4.2.18.Final",
    "io.netty:netty-resolver:4.2.18.Final",
]
scopes = [
    "compile",
    "test",
]
selected_parent = "io.netty:netty-codec-http:4.2.18.Final"

[[package]]
group = "io.netty"
artifact = "netty-transport-native-unix-common"
version = "4.2.18.Final"
extension = "jar"
source = "https://repo.maven.apache.org/maven2"
pom_checksum = "sha256:b2dff035c64795f3af1bfe4fc59ead2738e07bb94b284396c8c17f0ad3fb35de"
artifact_checksum = "sha256:cada7023d09136af128511ca94421d69dc84d0f1f64c9e1f127a1271bb62932a"
artifact_size = 46877
dependencies = [
    "io.netty:netty-common:4.2.18.Final",
    "io.netty:netty-buffer:4.2.18.Final",
    "io.netty:netty-transport:4.2.18.Final",
]
scopes = [
    "compile",
    "test",
]
selected_parent = "io.netty:netty-handler:4.2.18.Final"

[[package]]
group = "io.projectreactor"
artifact = "reactor-core"
version = "3.7.12"
extension = "jar"
source = "https://repo.maven.apache.org/maven2"
pom_checksum = "sha256:ddbb0b8f33675ba58adf7928f722d5943cf6e392b584a5625a635eea01f3ae32"
artifact_checksum = "sha256:474f94cabe5fda8877147521f37c791c95ef6b4a9dd59e589a6ddcc21b0d8e39"
artifact_size = 1897776
dependencies = ["org.reactivestreams:reactive-streams:1.0.4"]
scopes = [
    "runtime",
    "test",
]
selected_parent = "io.micronaut:micronaut-http-server-netty:4.10.29"

[[package]]
group = "jakarta.annotation"
artifact = "jakarta.annotation-api"
version = "3.0.0"
extension = "jar"
source = "https://repo.maven.apache.org/maven2"
pom_checksum = "sha256:9fc66a87375df8443aba6bdcc1d4ff07f126542583785a482a9262a19bfe8eae"
artifact_checksum = "sha256:b01f55552284cfb149411e64eabca75e942d26d2e1786b32914250e4330afaa2"
artifact_size = 26378
scopes = [
    "compile",
    "processor",
    "test",
]

[[package]]
group = "jakarta.inject"
artifact = "jakarta.inject-api"
version = "2.0.1"
extension = "jar"
source = "https://repo.maven.apache.org/maven2"
pom_checksum = "sha256:e7fd7232e96307a575b2494c9367d68cf43ec98244aace3ccc23e1773ffa6fda"
artifact_checksum = "sha256:f7dc98062fccf14126abb751b64fab12c312566e8cbdc8483598bffcea93af7c"
artifact_size = 10681
scopes = [
    "compile",
    "processor",
    "test",
]

[[package]]
group = "org.checkerframework"
artifact = "checker-qual"
version = "3.49.4"
extension = "jar"
source = "https://repo.maven.apache.org/maven2"
pom_checksum = "sha256:1c41a85d844d33b373d1022e84923fa5b43490eae3e44dc6378b540614596526"
artifact_checksum = "sha256:13b3b6c9261d35886a297adae438d6606581acc1bf7c901402dd9963f2b6a690"
artifact_size = 238219
scopes = ["processor"]
selected_parent = "com.github.javaparser:javaparser-symbol-solver-core:3.27.0"

[[package]]
group = "org.junit.platform"
artifact = "junit-platform-console-standalone"
version = "1.12.2"
extension = "jar"
source = "https://repo.maven.apache.org/maven2"
pom_checksum = "sha256:7603098a915a08bbd520e9c0f5ae926a56d8b1356f96f184fae94decfc6f130d"
artifact_checksum = "sha256:329bd10288875a74d04c9ca6b7c9889c265ddf87b21a9ea42a7f7392f391472a"
artifact_size = 2950047
scopes = ["test"]

[[package]]
group = "org.ow2.asm"
artifact = "asm"
version = "9.8"
extension = "jar"
source = "https://repo.maven.apache.org/maven2"
pom_checksum = "sha256:c1367c3bb383d7619e7f797e38df7513885f2eef04ae7b5908f68222657b5baa"
artifact_checksum = "sha256:876eab6a83daecad5ca67eb9fcabb063c97b5aeb8cf1fca7a989ecde17522051"
artifact_size = 126113
scopes = ["processor"]
selected_parent = "io.micronaut:micronaut-core-processor:4.10.29"

[[package]]
group = "org.ow2.asm"
artifact = "asm-analysis"
version = "9.8"
extension = "jar"
source = "https://repo.maven.apache.org/maven2"
pom_checksum = "sha256:c5747e25c72e1b07d5263c75c78ad61a626dd2458fafcafc23f81d3253ee42ed"
artifact_checksum = "sha256:e640732fbcd3c6271925a504f125e38384688f4dfbbf92c8622dfcee0d09edb9"
artifact_size = 35151
dependencies = ["org.ow2.asm:asm-tree:9.8"]
scopes = ["processor"]
selected_parent = "org.ow2.asm:asm-util:9.8"

[[package]]
group = "org.ow2.asm"
artifact = "asm-commons"
version = "9.8"
extension = "jar"
source = "https://repo.maven.apache.org/maven2"
pom_checksum = "sha256:f793e78f01f703717d09472e56cdf212fe298970c882e2116e8e549fb6d140c2"
artifact_checksum = "sha256:3301a1c1cb4c59fcc5292648dac1d7c5aed4c0f067dfbe88873b8cdfe77404f4"
artifact_size = 73498
dependencies = [
    "org.ow2.asm:asm:9.8",
    "org.ow2.asm:asm-tree:9.8",
]
scopes = ["processor"]
selected_parent = "io.micronaut.sourcegen:micronaut-sourcegen-bytecode-writer:1.8.2"

[[package]]
group = "org.ow2.asm"
artifact = "asm-tree"
version = "9.8"
extension = "jar"
source = "https://repo.maven.apache.org/maven2"
pom_checksum = "sha256:7149e7faa0e191296f879aeed9209c8942d398f0698d2cca1a9c628f2e2a8f77"
artifact_checksum = "sha256:14b7880cb7c85eed101e2710432fc3ffb83275532a6a894dc4c4095d49ad59f1"
artifact_size = 51934
dependencies = ["org.ow2.asm:asm:9.8"]
scopes = ["processor"]
selected_parent = "org.ow2.asm:asm-commons:9.8"

[[package]]
group = "org.ow2.asm"
artifact = "asm-util"
version = "9.8"
extension = "jar"
source = "https://repo.maven.apache.org/maven2"
pom_checksum = "sha256:24d0970e171e2917b83a8f0f05d50a1cdb5c82e508555b52dbcc9d3361c4f0ec"
artifact_checksum = "sha256:8ba0460ecb28fd0e2980e5f3ef3433a513a457bc077f81a53bdc75b587a08d15"
artifact_size = 94559
dependencies = [
    "org.ow2.asm:asm:9.8",
    "org.ow2.asm:asm-tree:9.8",
    "org.ow2.asm:asm-analysis:9.8",
]
scopes = ["processor"]
selected_parent = "io.micronaut.sourcegen:micronaut-sourcegen-bytecode-writer:1.8.2"

[[package]]
group = "org.reactivestreams"
artifact = "reactive-streams"
version = "1.0.4"
extension = "jar"
source = "https://repo.maven.apache.org/maven2"
pom_checksum = "sha256:54ba23d87a2d438540c99ef8794a0856fc573a256b498678283c3c67ef18ada8"
artifact_checksum = "sha256:f75ca597789b3dac58f61857b9ac2e1034a68fa672db35055a8fb4509e325f28"
artifact_size = 11640
scopes = [
    "compile",
    "processor",
    "runtime",
    "test",
]
selected_parent = "io.projectreactor:reactor-core:3.7.12"

[[package]]
group = "org.slf4j"
artifact = "slf4j-api"
version = "2.0.17"
extension = "jar"
source = "https://repo.maven.apache.org/maven2"
pom_checksum = "sha256:150c40287f7cecdc21b9380caac98e928c4f33c023db6b348df1c5ac977026bf"
artifact_checksum = "sha256:7b751d952061954d5abfed7181c1f645d336091b679891591d63329c622eb832"
artifact_size = 69908
scopes = [
    "compile",
    "processor",
    "test",
]
selected_parent = "io.micronaut:micronaut-http-server-netty:4.10.29"

[[package]]
group = "org.yaml"
artifact = "snakeyaml"
version = "2.5"
extension = "jar"
source = "https://repo.maven.apache.org/maven2"
pom_checksum = "sha256:ba01ae7a744cb52fe8ecf3b023cbc32e0ccc8c6beef9f26de77a47808239447d"
artifact_checksum = "sha256:e6682acf1ace77508ef13649cbf4f8d09d2cf5457bdb61d25ffb6ac0233d78dd"
artifact_size = 340015
scopes = ["runtime"]

[classpath]
compile = [
    "sha256:39e7ce38311c057925b97dbad7e04c2f5da5b8b52bd88b834c488a90b3b09058",
    "sha256:d7421e53e1aca2b235fd6697d37f740cd11b2abad673bc6340cd3d6c7d6e78c4",
    "sha256:302b34288afcaa38800237cddf34086a5ea5ce237919bb9079cfcb341d7d4628",
    "sha256:b01f55552284cfb149411e64eabca75e942d26d2e1786b32914250e4330afaa2",
    "sha256:f7dc98062fccf14126abb751b64fab12c312566e8cbdc8483598bffcea93af7c",
    "sha256:7b751d952061954d5abfed7181c1f645d336091b679891591d63329c622eb832",
    "sha256:1f731a2df24f0f521ce86eab913386e69d2d15fd5d4525dafd5a43fa20fe3ceb",
    "sha256:42a935fa9608edd561c11f51e2afa446e3593a30315b6a00075e3ed5666bc52e",
    "sha256:359e75b6f88ccc505c52b655a06c9e62f1d19a22388f5a2156e3f63b343cb526",
    "sha256:2d50765eb58591ce35146c54ca032a257808d2165d8985a8522c70ea1470e8d7",
    "sha256:34dcf313fdb2452fc30654b52b0d0b9fbb829a4a5345c2bd3f2442ab0b163314",
    "sha256:62134a98de12d0a421cd2f5b9854c8e63f10f524b0341e66cfd31a4326f6a329",
    "sha256:ffcb606cc9fec4ad22c096fdc101bf1b6eb17b5f53c741ab306632ecdf4a438e",
    "sha256:1d82027afe574c63e24df72eb109f98de02dff3bb5adf81f0174b27088490067",
    "sha256:239457fefbcca2d3a2e8b43dea449b34415f66aa4ab8d46e1d24c044dcfc02b6",
    "sha256:7cac81c841a44b23e9d0c1bf391e314f46ce57e20b67b9dea7e8b7703badb13b",
    "sha256:4ed461e1078488dd016b7303560d7f79c73ce236c87758a747d77f9925c37336",
    "sha256:01656b79aaa52783ea2648d757da138b035c0b3fc104f685a53c29e26deddda8",
    "sha256:3501393f2ad0c35ceeb421a225514bb5060456fba5175f96102d1e95cc5058c7",
    "sha256:5932c5ae6f1feeb6a6cd0537d8cf0ded98ab96b52b1dc00b366ce9c7a3c78656",
    "sha256:ef196d9f88d60379fc4246edcb91ffe248d62694394a90eb06df09c5e202b574",
    "sha256:59f74c54cecbe2d9d330d06406c45211baaf2933d1eea82e28e27eb098c7cbaf",
    "sha256:1f10727132ee01aaa3ceb7eed74580cd84ce8de3baa0a096687f031ab6ebf3db",
    "sha256:74ba9494a911fcbefb5c1c2d02fa7bd207b0d03732e9b6972f1e10fd87076806",
    "sha256:a45a2b06c377b9c87c21ae2b37f04c8d808192590a73d977e7a60fd59921f283",
    "sha256:6d5a08d9dd6d7d0211202e22dbb1629b23a62550335c7e80892da1d4cb115540",
    "sha256:5d97cae5669685872339698efe13f74fe3cdb2dccdb36963b2352bd95acf7070",
    "sha256:fdf236d2b76aa9710684401fdad7dff9dec56e43da5d39172c9a55ba5f14b360",
    "sha256:eac4f12068db4489e60c6520fad663e5d872f0436a7c641aa9e08db649947863",
    "sha256:7e4612bead7ba88ac6f7908fa722f90ad6835ea96505c9e40b2f93686c1f61f3",
    "sha256:9d8a4b9a6a2a166ec5a4bbe51a78b4f6a726457c51d81495743c7e7ccb9f4765",
    "sha256:f75ca597789b3dac58f61857b9ac2e1034a68fa672db35055a8fb4509e325f28",
    "sha256:0c0d69e583125686b83e5b1cd65c8b70d03fdae6684b3d52905a2698a7b2c1ee",
    "sha256:36111c3a4372cd5c2be6f4ec44a050382487920f3fc38ca3015c9c1678bd7c56",
    "sha256:21ddb598807d3a51a876704eb979d9296e1c6a6f47ab1826ff88c6d6a127a2d0",
    "sha256:68373ec544cf769ba17bf2ef455166d98f2c260dff536edf35ef57067a9c155f",
    "sha256:cada7023d09136af128511ca94421d69dc84d0f1f64c9e1f127a1271bb62932a",
]
runtime = [
    "sha256:39e7ce38311c057925b97dbad7e04c2f5da5b8b52bd88b834c488a90b3b09058",
    "sha256:d7421e53e1aca2b235fd6697d37f740cd11b2abad673bc6340cd3d6c7d6e78c4",
    "sha256:302b34288afcaa38800237cddf34086a5ea5ce237919bb9079cfcb341d7d4628",
    "sha256:b01f55552284cfb149411e64eabca75e942d26d2e1786b32914250e4330afaa2",
    "sha256:f7dc98062fccf14126abb751b64fab12c312566e8cbdc8483598bffcea93af7c",
    "sha256:e6682acf1ace77508ef13649cbf4f8d09d2cf5457bdb61d25ffb6ac0233d78dd",
    "sha256:7b751d952061954d5abfed7181c1f645d336091b679891591d63329c622eb832",
    "sha256:1f731a2df24f0f521ce86eab913386e69d2d15fd5d4525dafd5a43fa20fe3ceb",
    "sha256:42a935fa9608edd561c11f51e2afa446e3593a30315b6a00075e3ed5666bc52e",
    "sha256:359e75b6f88ccc505c52b655a06c9e62f1d19a22388f5a2156e3f63b343cb526",
    "sha256:2d50765eb58591ce35146c54ca032a257808d2165d8985a8522c70ea1470e8d7",
    "sha256:474f94cabe5fda8877147521f37c791c95ef6b4a9dd59e589a6ddcc21b0d8e39",
    "sha256:34dcf313fdb2452fc30654b52b0d0b9fbb829a4a5345c2bd3f2442ab0b163314",
    "sha256:62134a98de12d0a421cd2f5b9854c8e63f10f524b0341e66cfd31a4326f6a329",
    "sha256:ffcb606cc9fec4ad22c096fdc101bf1b6eb17b5f53c741ab306632ecdf4a438e",
    "sha256:1d82027afe574c63e24df72eb109f98de02dff3bb5adf81f0174b27088490067",
    "sha256:239457fefbcca2d3a2e8b43dea449b34415f66aa4ab8d46e1d24c044dcfc02b6",
    "sha256:7cac81c841a44b23e9d0c1bf391e314f46ce57e20b67b9dea7e8b7703badb13b",
    "sha256:4ed461e1078488dd016b7303560d7f79c73ce236c87758a747d77f9925c37336",
    "sha256:01656b79aaa52783ea2648d757da138b035c0b3fc104f685a53c29e26deddda8",
    "sha256:3501393f2ad0c35ceeb421a225514bb5060456fba5175f96102d1e95cc5058c7",
    "sha256:5932c5ae6f1feeb6a6cd0537d8cf0ded98ab96b52b1dc00b366ce9c7a3c78656",
    "sha256:ef196d9f88d60379fc4246edcb91ffe248d62694394a90eb06df09c5e202b574",
    "sha256:59f74c54cecbe2d9d330d06406c45211baaf2933d1eea82e28e27eb098c7cbaf",
    "sha256:1f10727132ee01aaa3ceb7eed74580cd84ce8de3baa0a096687f031ab6ebf3db",
    "sha256:74ba9494a911fcbefb5c1c2d02fa7bd207b0d03732e9b6972f1e10fd87076806",
    "sha256:a45a2b06c377b9c87c21ae2b37f04c8d808192590a73d977e7a60fd59921f283",
    "sha256:6d5a08d9dd6d7d0211202e22dbb1629b23a62550335c7e80892da1d4cb115540",
    "sha256:5d97cae5669685872339698efe13f74fe3cdb2dccdb36963b2352bd95acf7070",
    "sha256:fdf236d2b76aa9710684401fdad7dff9dec56e43da5d39172c9a55ba5f14b360",
    "sha256:eac4f12068db4489e60c6520fad663e5d872f0436a7c641aa9e08db649947863",
    "sha256:7e4612bead7ba88ac6f7908fa722f90ad6835ea96505c9e40b2f93686c1f61f3",
    "sha256:9d8a4b9a6a2a166ec5a4bbe51a78b4f6a726457c51d81495743c7e7ccb9f4765",
    "sha256:f75ca597789b3dac58f61857b9ac2e1034a68fa672db35055a8fb4509e325f28",
    "sha256:0c0d69e583125686b83e5b1cd65c8b70d03fdae6684b3d52905a2698a7b2c1ee",
    "sha256:36111c3a4372cd5c2be6f4ec44a050382487920f3fc38ca3015c9c1678bd7c56",
    "sha256:21ddb598807d3a51a876704eb979d9296e1c6a6f47ab1826ff88c6d6a127a2d0",
    "sha256:68373ec544cf769ba17bf2ef455166d98f2c260dff536edf35ef57067a9c155f",
    "sha256:cada7023d09136af128511ca94421d69dc84d0f1f64c9e1f127a1271bb62932a",
]
test = [
    "sha256:39e7ce38311c057925b97dbad7e04c2f5da5b8b52bd88b834c488a90b3b09058",
    "sha256:d7421e53e1aca2b235fd6697d37f740cd11b2abad673bc6340cd3d6c7d6e78c4",
    "sha256:302b34288afcaa38800237cddf34086a5ea5ce237919bb9079cfcb341d7d4628",
    "sha256:b01f55552284cfb149411e64eabca75e942d26d2e1786b32914250e4330afaa2",
    "sha256:f7dc98062fccf14126abb751b64fab12c312566e8cbdc8483598bffcea93af7c",
    "sha256:e6682acf1ace77508ef13649cbf4f8d09d2cf5457bdb61d25ffb6ac0233d78dd",
    "sha256:162aa9073114ab5c47f6b05e8bf1b0da366722d43e9949b2f863be2522d7b385",
    "sha256:329bd10288875a74d04c9ca6b7c9889c265ddf87b21a9ea42a7f7392f391472a",
    "sha256:7b751d952061954d5abfed7181c1f645d336091b679891591d63329c622eb832",
    "sha256:1f731a2df24f0f521ce86eab913386e69d2d15fd5d4525dafd5a43fa20fe3ceb",
    "sha256:42a935fa9608edd561c11f51e2afa446e3593a30315b6a00075e3ed5666bc52e",
    "sha256:359e75b6f88ccc505c52b655a06c9e62f1d19a22388f5a2156e3f63b343cb526",
    "sha256:2d50765eb58591ce35146c54ca032a257808d2165d8985a8522c70ea1470e8d7",
    "sha256:474f94cabe5fda8877147521f37c791c95ef6b4a9dd59e589a6ddcc21b0d8e39",
    "sha256:34dcf313fdb2452fc30654b52b0d0b9fbb829a4a5345c2bd3f2442ab0b163314",
    "sha256:62134a98de12d0a421cd2f5b9854c8e63f10f524b0341e66cfd31a4326f6a329",
    "sha256:ffcb606cc9fec4ad22c096fdc101bf1b6eb17b5f53c741ab306632ecdf4a438e",
    "sha256:1d82027afe574c63e24df72eb109f98de02dff3bb5adf81f0174b27088490067",
    "sha256:239457fefbcca2d3a2e8b43dea449b34415f66aa4ab8d46e1d24c044dcfc02b6",
    "sha256:7cac81c841a44b23e9d0c1bf391e314f46ce57e20b67b9dea7e8b7703badb13b",
    "sha256:4ed461e1078488dd016b7303560d7f79c73ce236c87758a747d77f9925c37336",
    "sha256:01656b79aaa52783ea2648d757da138b035c0b3fc104f685a53c29e26deddda8",
    "sha256:3501393f2ad0c35ceeb421a225514bb5060456fba5175f96102d1e95cc5058c7",
    "sha256:5932c5ae6f1feeb6a6cd0537d8cf0ded98ab96b52b1dc00b366ce9c7a3c78656",
    "sha256:ef196d9f88d60379fc4246edcb91ffe248d62694394a90eb06df09c5e202b574",
    "sha256:59f74c54cecbe2d9d330d06406c45211baaf2933d1eea82e28e27eb098c7cbaf",
    "sha256:3f1b9d503f795efef76f782058464552f5cf3d7dff6c70a2e9a2f4f0af0c42f0",
    "sha256:426b0bc3ceeb2d6513f8387b06657eb15ec85d77934acfb43ccef40ec4cb95fa",
    "sha256:d7786de71c0d405b80b4262e0c585618e6f20e7fd3188cb4f599ffc4029ee9ea",
    "sha256:1f10727132ee01aaa3ceb7eed74580cd84ce8de3baa0a096687f031ab6ebf3db",
    "sha256:74ba9494a911fcbefb5c1c2d02fa7bd207b0d03732e9b6972f1e10fd87076806",
    "sha256:a45a2b06c377b9c87c21ae2b37f04c8d808192590a73d977e7a60fd59921f283",
    "sha256:6d5a08d9dd6d7d0211202e22dbb1629b23a62550335c7e80892da1d4cb115540",
    "sha256:5d97cae5669685872339698efe13f74fe3cdb2dccdb36963b2352bd95acf7070",
    "sha256:fdf236d2b76aa9710684401fdad7dff9dec56e43da5d39172c9a55ba5f14b360",
    "sha256:eac4f12068db4489e60c6520fad663e5d872f0436a7c641aa9e08db649947863",
    "sha256:7e4612bead7ba88ac6f7908fa722f90ad6835ea96505c9e40b2f93686c1f61f3",
    "sha256:9d8a4b9a6a2a166ec5a4bbe51a78b4f6a726457c51d81495743c7e7ccb9f4765",
    "sha256:f75ca597789b3dac58f61857b9ac2e1034a68fa672db35055a8fb4509e325f28",
    "sha256:0c0d69e583125686b83e5b1cd65c8b70d03fdae6684b3d52905a2698a7b2c1ee",
    "sha256:36111c3a4372cd5c2be6f4ec44a050382487920f3fc38ca3015c9c1678bd7c56",
    "sha256:21ddb598807d3a51a876704eb979d9296e1c6a6f47ab1826ff88c6d6a127a2d0",
    "sha256:25dea7bc1ad990ab8959065f0690b63574d8db4f51033cd98458fc84c59367f3",
    "sha256:68373ec544cf769ba17bf2ef455166d98f2c260dff536edf35ef57067a9c155f",
    "sha256:cada7023d09136af128511ca94421d69dc84d0f1f64c9e1f127a1271bb62932a",
]
processors = [
    "sha256:b01f55552284cfb149411e64eabca75e942d26d2e1786b32914250e4330afaa2",
    "sha256:f7dc98062fccf14126abb751b64fab12c312566e8cbdc8483598bffcea93af7c",
    "sha256:e83337c68bac9ea265d16d92dbb63447ca1720657f3b09e415462dd87dff7bcf",
    "sha256:7b751d952061954d5abfed7181c1f645d336091b679891591d63329c622eb832",
    "sha256:42a935fa9608edd561c11f51e2afa446e3593a30315b6a00075e3ed5666bc52e",
    "sha256:239457fefbcca2d3a2e8b43dea449b34415f66aa4ab8d46e1d24c044dcfc02b6",
    "sha256:3501393f2ad0c35ceeb421a225514bb5060456fba5175f96102d1e95cc5058c7",
    "sha256:ef196d9f88d60379fc4246edcb91ffe248d62694394a90eb06df09c5e202b574",
    "sha256:9627ed13476979cf63b77432348cba1da9a377c8d443f96bb465a625edfe3d66",
    "sha256:f75ca597789b3dac58f61857b9ac2e1034a68fa672db35055a8fb4509e325f28",
    "sha256:a715c85f4986589d53a7a33e751461bf2630ed69076523cd775d06620894b1f8",
    "sha256:5ef9c4e24a7928fe02d6b3532c4d4c4865f018aee39867d18ffce7996a497161",
    "sha256:876eab6a83daecad5ca67eb9fcabb063c97b5aeb8cf1fca7a989ecde17522051",
    "sha256:11b0deeaeb29f2496e1704c8c6f7593f14901f7253a671b81bdaa531bead779f",
    "sha256:13b3b6c9261d35886a297adae438d6606581acc1bf7c901402dd9963f2b6a690",
    "sha256:f9f1fe2eb938b5d7b7c755d8e96a4c96c71f23954613b2877a6e32f280e71b7e",
    "sha256:3301a1c1cb4c59fcc5292648dac1d7c5aed4c0f067dfbe88873b8cdfe77404f4",
    "sha256:8ba0460ecb28fd0e2980e5f3ef3433a513a457bc077f81a53bdc75b587a08d15",
    "sha256:14b7880cb7c85eed101e2710432fc3ffb83275532a6a894dc4c4095d49ad59f1",
    "sha256:e640732fbcd3c6271925a504f125e38384688f4dfbbf92c8622dfcee0d09edb9",
]
